Microsoft Visual Studio Solution File, Format Version 12.00
# Visual Studio Version 17
VisualStudioVersion = 17.5.2.0
MinimumVisualStudioVersion = 10.0.40219.1
Project("{FAE04EC0-301F-11D3-BF4B-00C04F79EFBC}") = "declarationTableau", "declarationTableau.csproj", "{3E137573-5691-1A1C-D1EB-21E23673F54F}"
EndProject
Global
	GlobalSection(SolutionConfigurationPlatforms) = preSolution
		Debug|Any CPU = Debug|Any CPU
		Release|Any CPU = Release|Any CPU
	EndGlobalSection
	GlobalSection(ProjectConfigurationPlatforms) = postSolution
		{3E137573-5691-1A1C-D1EB-21E23673F54F}.Debug|Any CPU.ActiveCfg = Debug|Any CPU
		{3E137573-5691-1A1C-D1EB-21E23673F54F}.Debug|Any CPU.Build.0 = Debug|Any CPU
		{3E137573-5691-1A1C-D1EB-21E23673F54F}.Release|Any CPU.ActiveCfg = Release|Any CPU
		{3E137573-5691-1A1C-D1EB-21E23673F54F}.Release|Any CPU.Build.0 = Release|Any CPU
	EndGlobalSection
	GlobalSection(SolutionProperties) = preSolution
		HideSolutionNode = FALSE
	EndGlobalSection
	GlobalSection(ExtensibilityGlobals) = postSolution
		SolutionGuid = {EC3E004F-8FAE-405E-80C1-EF75FD1D8FDA}
	EndGlobalSection
EndGlobal
