Microsoft Visual Studio Solution File, Format Version 12.00
# Visual Studio Version 17
VisualStudioVersion = 17.5.2.0
MinimumVisualStudioVersion = 10.0.40219.1
Project("{FAE04EC0-301F-11D3-BF4B-00C04F79EFBC}") = "exoTableau", "exoTableau.csproj", "{C6C80509-EB2B-E6D0-6BAB-C9377C550DBB}"
EndProject
Global
	GlobalSection(SolutionConfigurationPlatforms) = preSolution
		Debug|Any CPU = Debug|Any CPU
		Release|Any CPU = Release|Any CPU
	EndGlobalSection
	GlobalSection(ProjectConfigurationPlatforms) = postSolution
		{C6C80509-EB2B-E6D0-6BAB-C9377C550DBB}.Debug|Any CPU.ActiveCfg = Debug|Any CPU
		{C6C80509-EB2B-E6D0-6BAB-C9377C550DBB}.Debug|Any CPU.Build.0 = Debug|Any CPU
		{C6C80509-EB2B-E6D0-6BAB-C9377C550DBB}.Release|Any CPU.ActiveCfg = Release|Any CPU
		{C6C80509-EB2B-E6D0-6BAB-C9377C550DBB}.Release|Any CPU.Build.0 = Release|Any CPU
	EndGlobalSection
	GlobalSection(SolutionProperties) = preSolution
		HideSolutionNode = FALSE
	EndGlobalSection
	GlobalSection(ExtensibilityGlobals) = postSolution
		SolutionGuid = {10D7EF1F-EDE8-4AA9-B61C-84E3E62CD76C}
	EndGlobalSection
EndGlobal
