Microsoft Visual Studio Solution File, Format Version 12.00
# Visual Studio Version 17
VisualStudioVersion = 17.5.2.0
MinimumVisualStudioVersion = 10.0.40219.1
Project("{FAE04EC0-301F-11D3-BF4B-00C04F79EFBC}") = "juste_prix", "juste_prix.csproj", "{BB863939-FEEC-CDE4-7109-1824181A34EC}"
EndProject
Global
	GlobalSection(SolutionConfigurationPlatforms) = preSolution
		Debug|Any CPU = Debug|Any CPU
		Release|Any CPU = Release|Any CPU
	EndGlobalSection
	GlobalSection(ProjectConfigurationPlatforms) = postSolution
		{BB863939-FEEC-CDE4-7109-1824181A34EC}.Debug|Any CPU.ActiveCfg = Debug|Any CPU
		{BB863939-FEEC-CDE4-7109-1824181A34EC}.Debug|Any CPU.Build.0 = Debug|Any CPU
		{BB863939-FEEC-CDE4-7109-1824181A34EC}.Release|Any CPU.ActiveCfg = Release|Any CPU
		{BB863939-FEEC-CDE4-7109-1824181A34EC}.Release|Any CPU.Build.0 = Release|Any CPU
	EndGlobalSection
	GlobalSection(SolutionProperties) = preSolution
		HideSolutionNode = FALSE
	EndGlobalSection
	GlobalSection(ExtensibilityGlobals) = postSolution
		SolutionGuid = {BCD65C59-D08B-4C6D-9D48-7B8426C3907D}
	EndGlobalSection
EndGlobal
