Microsoft Visual Studio Solution File, Format Version 12.00
# Visual Studio Version 17
VisualStudioVersion = 17.5.2.0
MinimumVisualStudioVersion = 10.0.40219.1
Project("{FAE04EC0-301F-11D3-BF4B-00C04F79EFBC}") = "exo4", "exo4.csproj", "{E4FA4108-83D3-F60C-4E87-7B74FDECA827}"
EndProject
Global
	GlobalSection(SolutionConfigurationPlatforms) = preSolution
		Debug|Any CPU = Debug|Any CPU
		Release|Any CPU = Release|Any CPU
	EndGlobalSection
	GlobalSection(ProjectConfigurationPlatforms) = postSolution
		{E4FA4108-83D3-F60C-4E87-7B74FDECA827}.Debug|Any CPU.ActiveCfg = Debug|Any CPU
		{E4FA4108-83D3-F60C-4E87-7B74FDECA827}.Debug|Any CPU.Build.0 = Debug|Any CPU
		{E4FA4108-83D3-F60C-4E87-7B74FDECA827}.Release|Any CPU.ActiveCfg = Release|Any CPU
		{E4FA4108-83D3-F60C-4E87-7B74FDECA827}.Release|Any CPU.Build.0 = Release|Any CPU
	EndGlobalSection
	GlobalSection(SolutionProperties) = preSolution
		HideSolutionNode = FALSE
	EndGlobalSection
	GlobalSection(ExtensibilityGlobals) = postSolution
		SolutionGuid = {8BDF82F0-C6E4-4F08-8F52-4ACBE2C23E14}
	EndGlobalSection
EndGlobal
